{
  "name": "@dashkite/breeze-client",
  "version": "1.0.4-beta.3",
  "lockfileVersion": 2,
  "requires": true,
  "packages": {
    "": {
      "name": "@dashkite/breeze-client",
      "version": "1.0.4-beta.3",
      "license": "SEE LICENSE IN LICENSE.md",
      "dependencies": {
        "@dashkite/carbon": "4.1.0-beta.4",
        "@dashkite/helium": "^0.3.0",
        "@dashkite/katana": "^0.3.2",
        "@dashkite/mercury": "0.1.2",
        "@dashkite/mercury-sky": "0.0.6",
        "@dashkite/mercury-zinc": "0.1.3",
        "@dashkite/quark": "1.3.0-beta.4",
        "@dashkite/zinc": "0.1.3",
        "@pandastrike/garden": "^8.0.1"
      }
    },
    "node_modules/@dashkite/carbon": {
      "version": "4.1.0-beta.4",
      "resolved": "https://registry.npmjs.org/@dashkite/carbon/-/carbon-4.1.0-beta.4.tgz",
      "integrity": "sha512-eeSv6V0nP/jkCvypWPhuE2b3Bbpu5cDuQObzd0/uEJMSOUVRUGqLlD0vl4/hHAb3aU80tkl6HZlbc7ep0YmCZw==",
      "license": "SEE LICENSE IN LICENSE.md",
      "dependencies": {
        "@dashkite/katana": "^0.3.2",
        "@dashkite/stylist": "0.0.5",
        "@pandastrike/garden": "8.0.1",
        "diffhtml": "^1.0.0-beta.18",
        "object-observer": "^3.2.0"
      }
    },
    "node_modules/@dashkite/cobalt": {
      "version": "2.0.5",
      "resolved": "https://registry.npmjs.org/@dashkite/cobalt/-/cobalt-2.0.5.tgz",
      "integrity": "sha512-uZPQyIe7qjGmdeoBlaIYaof6Ux28fDro+acZJRnevEUbk/tKe7cIy3nlw+k5DcixyPj5g0FKY6sEGTzVP9q4Yg==",
      "dependencies": {
        "panda-generics": "^6.0.0",
        "panda-parchment": "^6.0.3",
        "url-template": "^2.0.8"
      }
    },
    "node_modules/@dashkite/events": {
      "version": "0.0.2",
      "resolved": "https://registry.npmjs.org/@dashkite/events/-/events-0.0.2.tgz",
      "integrity": "sha512-9Cbgp7fm0RLoHAG/Tdsd/XFmPNZsnSfcNPQzL/ERH5cKo1XIUXNHQxoEXmroDpuBOlo8UZspFqMJnTBoQ6d6iA==",
      "dependencies": {
        "@ungap/event-target": "^0.1.0"
      }
    },
    "node_modules/@dashkite/helium": {
      "version": "0.3.3",
      "resolved": "https://registry.npmjs.org/@dashkite/helium/-/helium-0.3.3.tgz",
      "integrity": "sha512-bo3HHcef2es4/hFrwFXbJPmCJUViaPjg+nk71aE9Bbca6o/h1QWLNuZExVUDNAUDU4e1P19ltq3NNEjwJPYTIg=="
    },
    "node_modules/@dashkite/katana": {
      "version": "0.3.2",
      "resolved": "https://registry.npmjs.org/@dashkite/katana/-/katana-0.3.2.tgz",
      "integrity": "sha512-qDYGwfzwuC8xNsizEr65jGl5g6x9EC4xzAGO58FfBF0D9eKcUvOA7Tqy9/eP5s8q9eBnrZrnYgQ+is7P0dNklQ==",
      "dependencies": {
        "@pandastrike/garden": "^8.0.0-alpha.1"
      }
    },
    "node_modules/@dashkite/mercury": {
      "version": "0.1.2",
      "resolved": "https://registry.npmjs.org/@dashkite/mercury/-/mercury-0.1.2.tgz",
      "integrity": "sha512-WCj1xTEatkjCcjCJxWAOciajFCyAb3mV57VBlb49hhwizSIbl+LxCEYNPe1lYkLaKqEmW6ehj3JW5QOUL7h85Q==",
      "dependencies": {
        "@dashkite/katana": "0.3.2",
        "@pandastrike/garden": "8.0.1",
        "url-template": "2.0.8"
      }
    },
    "node_modules/@dashkite/mercury-sky": {
      "version": "0.0.6",
      "resolved": "https://registry.npmjs.org/@dashkite/mercury-sky/-/mercury-sky-0.0.6.tgz",
      "integrity": "sha512-vXj43gRRRJWgZNm5RFYIRluFKrV6SRt8s2iizs7R1DeEkKvuJLhzoenIZTfqNLP5irz88DPM+PRmdLxMcNQdnw==",
      "license": "SEE LICENSE IN LICENSE.md",
      "dependencies": {
        "@dashkite/katana": "0.3.2",
        "@dashkite/mercury": "0.1.2",
        "@pandastrike/garden": "8.0.1",
        "url-template": "2.0.8"
      }
    },
    "node_modules/@dashkite/mercury-zinc": {
      "version": "0.1.3",
      "resolved": "https://registry.npmjs.org/@dashkite/mercury-zinc/-/mercury-zinc-0.1.3.tgz",
      "integrity": "sha512-++tVujNJ/bCYCdreFTAPKdy3+Ee+JisalWv0b8Bf3x3biyWcKSGMal/1VqqCy68sSviEJ0OofDORythKT4WxeA==",
      "dependencies": {
        "@dashkite/zinc": "0.1.3",
        "@pandastrike/garden": "8.0.1"
      }
    },
    "node_modules/@dashkite/quark": {
      "version": "1.3.0-beta.4",
      "resolved": "https://registry.npmjs.org/@dashkite/quark/-/quark-1.3.0-beta.4.tgz",
      "integrity": "sha512-9LsXMFCR2rswqoLDnfCxf06+1JP9GiKltcJZF7z7vESasq+6SXq0x9Ms7cOxwTknjjJ3e4KmTVbNU7uPcQDORg==",
      "dependencies": {
        "@dashkite/katana": "^0.3.2",
        "@dashkite/stylist": "0.0.4",
        "@pandastrike/garden": "^8.0.1"
      }
    },
    "node_modules/@dashkite/quark/node_modules/@dashkite/stylist": {
      "version": "0.0.4",
      "resolved": "https://registry.npmjs.org/@dashkite/stylist/-/stylist-0.0.4.tgz",
      "integrity": "sha512-1TJeaupQCo/fKgKZcLmIs/3Vwjw0mZTCSumwr9PMP+1ZaVdaSBbP8N77BXMBTLAV05TeerdiYPy7PhfpX6bcpA==",
      "dependencies": {
        "@pandastrike/garden": "^8.0.1",
        "panda-river": "^6.0.1"
      }
    },
    "node_modules/@dashkite/stylist": {
      "version": "0.0.5",
      "resolved": "https://registry.npmjs.org/@dashkite/stylist/-/stylist-0.0.5.tgz",
      "integrity": "sha512-XKj5ofrlg2QMr+CWB7mIBMOIP8z6Z7KJbpM2+OAKBAzAFCdJu8IHhVFXPtA5xrvDfF/EjsuyQEu6dz8F8H3+0A==",
      "dependencies": {
        "@pandastrike/garden": "8.0.1",
        "panda-river": "6.0.3"
      }
    },
    "node_modules/@dashkite/zinc": {
      "version": "0.1.3",
      "resolved": "https://registry.npmjs.org/@dashkite/zinc/-/zinc-0.1.3.tgz",
      "integrity": "sha512-/KrGZ4PWTgM3Gyoo0yTZkOfn9yjCtL7LgJxq6kr4n36KfZyUYmkfzv6MskPBziTzV9s5dWGTbE+EHcjEzn+aHw==",
      "dependencies": {
        "@dashkite/cobalt": "2.0.5",
        "@dashkite/events": "0.0.2",
        "@pandastrike/garden": "8.0.1",
        "idb": "5.0.3",
        "panda-confidential": "3.0.2"
      }
    },
    "node_modules/@pandastrike/garden": {
      "version": "8.0.1",
      "resolved": "https://registry.npmjs.org/@pandastrike/garden/-/garden-8.0.1.tgz",
      "integrity": "sha512-+0/8I0RRQ/u5faSYM90qObFpFD6yLcpdYQhwFSUrlIooIQX3yBdDxaxSqUvHC/CStOO4aU/Q3x9hduen8050gQ=="
    },
    "node_modules/@stablelib/base64": {
      "version": "0.7.2",
      "resolved": "https://registry.npmjs.org/@stablelib/base64/-/base64-0.7.2.tgz",
      "integrity": "sha1-+7uNYMJvUUzctbeRz5Eb+x20tLQ="
    },
    "node_modules/@stablelib/utf8": {
      "version": "0.10.1",
      "resolved": "https://registry.npmjs.org/@stablelib/utf8/-/utf8-0.10.1.tgz",
      "integrity": "sha512-+uM1YZ4MhBC82vt99prF7DXNGqhYmJ9cQ3p5qNowMNkkzn9OWEkqBvguBW3ChAt7JvqZ3SD5HJOfc6YgnfMTHw=="
    },
    "node_modules/@ungap/event-target": {
      "version": "0.1.0",
      "resolved": "https://registry.npmjs.org/@ungap/event-target/-/event-target-0.1.0.tgz",
      "integrity": "sha512-W2oyj0Fe1w/XhPZjkI3oUcDUAmu5P4qsdT2/2S8aMhtAWM/CE/jYWtji0pKNPDfxLI75fa5gWSEmnynKMNP/oA=="
    },
    "node_modules/diffhtml": {
      "version": "1.0.0-beta.20",
      "resolved": "https://registry.npmjs.org/diffhtml/-/diffhtml-1.0.0-beta.20.tgz",
      "integrity": "sha512-xSSwGb2dkQsTc7Bl910iySH65PkzsCtowfVGMfrmc2fEwvYrhJUpIEIx+3mpZ1wMWVt+t/0ltVwrjQkMJotxLg=="
    },
    "node_modules/idb": {
      "version": "5.0.3",
      "resolved": "https://registry.npmjs.org/idb/-/idb-5.0.3.tgz",
      "integrity": "sha512-ozfTR2owoslXWtfyQU2/tEUK1SXkCUb7gLq0wpvGWM8EZRwHr1rajEQGVsWT1bgfBiAenj/OXTn7h+PskWAwbA=="
    },
    "node_modules/object-observer": {
      "version": "3.2.0",
      "resolved": "https://registry.npmjs.org/object-observer/-/object-observer-3.2.0.tgz",
      "integrity": "sha512-iY96P4Ln8SQxkXClKCBqxE5Fgfno0VweHU4gBq+v+2OVM8rN3m7K6gGN4ly3Nk4fCnkFeR4hJPQO8vjsc2ekKQ==",
      "funding": {
        "url": "https://paypal.me/gullerya?locale.x=en_US"
      }
    },
    "node_modules/panda-confidential": {
      "version": "3.0.2",
      "resolved": "https://registry.npmjs.org/panda-confidential/-/panda-confidential-3.0.2.tgz",
      "integrity": "sha512-sanlnA4a2ebe9Ih4HDMR1DfAxaACL67A2xf6e4BIuH5rGyn8LapycPZ4BuxiIB3Asjv1HNf5cyM+GdjrKff+wA==",
      "dependencies": {
        "@pandastrike/garden": "^8.0.1",
        "@stablelib/base64": "^0.7.2",
        "@stablelib/utf8": "^0.10.1",
        "panda-generics": "^6.0.3",
        "panda-parchment": "^6.0.4",
        "tweetnacl": "^1.0.3"
      }
    },
    "node_modules/panda-generics": {
      "version": "6.0.3",
      "resolved": "https://registry.npmjs.org/panda-generics/-/panda-generics-6.0.3.tgz",
      "integrity": "sha512-yAsB1x50IPXSOucY3FvO04ltUFgta6DfuvrQKK6JMBUT11pD6DCpn8CmaPmKaiATljFN1P6uPBf6XW7V1uB5Nw=="
    },
    "node_modules/panda-parchment": {
      "version": "6.0.4",
      "resolved": "https://registry.npmjs.org/panda-parchment/-/panda-parchment-6.0.4.tgz",
      "integrity": "sha512-lNOeYAIwlXSjrOOy7DCy7fEW/O8bK9kTvNAxehGMS3TmkQyZ4f+qX8UYtzwOpZ6R23r+HVfZEC2yj2MjQ8kRFA==",
      "dependencies": {
        "@pandastrike/garden": "^8.0.1",
        "panda-generics": "^6.0.3"
      }
    },
    "node_modules/panda-river": {
      "version": "6.0.3",
      "resolved": "https://registry.npmjs.org/panda-river/-/panda-river-6.0.3.tgz",
      "integrity": "sha512-w/C6G5RnTkIKupVzCTvQsu2Yeps0oYjRn49zjoePlMatzEWtlE+X2yznBD65tiIS5jNG1zcVp/27J/vYOfKkUg==",
      "dependencies": {
        "@pandastrike/garden": "^8.0.1",
        "panda-generics": "^6.0.3",
        "panda-parchment": "^6.0.4"
      }
    },
    "node_modules/tweetnacl": {
      "version": "1.0.3",
      "resolved": "https://registry.npmjs.org/tweetnacl/-/tweetnacl-1.0.3.tgz",
      "integrity": "sha512-6rt+RN7aOi1nGMyC4Xa5DdYiukl2UWCbcJft7YhxReBGQD7OAM8Pbxw6YMo4r2diNEA8FEmu32YOn9rhaiE5yw=="
    },
    "node_modules/url-template": {
      "version": "2.0.8",
      "license": "BSD"
    }
  },
  "dependencies": {
    "@dashkite/carbon": {
      "version": "4.1.0-beta.4",
      "resolved": "https://registry.npmjs.org/@dashkite/carbon/-/carbon-4.1.0-beta.4.tgz",
      "integrity": "sha512-eeSv6V0nP/jkCvypWPhuE2b3Bbpu5cDuQObzd0/uEJMSOUVRUGqLlD0vl4/hHAb3aU80tkl6HZlbc7ep0YmCZw==",
      "requires": {
        "@dashkite/katana": "^0.3.2",
        "@dashkite/stylist": "0.0.5",
        "@pandastrike/garden": "8.0.1",
        "diffhtml": "^1.0.0-beta.18",
        "object-observer": "^3.2.0"
      }
    },
    "@dashkite/cobalt": {
      "version": "2.0.5",
      "resolved": "https://registry.npmjs.org/@dashkite/cobalt/-/cobalt-2.0.5.tgz",
      "integrity": "sha512-uZPQyIe7qjGmdeoBlaIYaof6Ux28fDro+acZJRnevEUbk/tKe7cIy3nlw+k5DcixyPj5g0FKY6sEGTzVP9q4Yg==",
      "requires": {
        "panda-generics": "^6.0.0",
        "panda-parchment": "^6.0.3",
        "url-template": "^2.0.8"
      }
    },
    "@dashkite/events": {
      "version": "0.0.2",
      "resolved": "https://registry.npmjs.org/@dashkite/events/-/events-0.0.2.tgz",
      "integrity": "sha512-9Cbgp7fm0RLoHAG/Tdsd/XFmPNZsnSfcNPQzL/ERH5cKo1XIUXNHQxoEXmroDpuBOlo8UZspFqMJnTBoQ6d6iA==",
      "requires": {
        "@ungap/event-target": "^0.1.0"
      }
    },
    "@dashkite/helium": {
      "version": "0.3.3",
      "resolved": "https://registry.npmjs.org/@dashkite/helium/-/helium-0.3.3.tgz",
      "integrity": "sha512-bo3HHcef2es4/hFrwFXbJPmCJUViaPjg+nk71aE9Bbca6o/h1QWLNuZExVUDNAUDU4e1P19ltq3NNEjwJPYTIg=="
    },
    "@dashkite/katana": {
      "version": "0.3.2",
      "resolved": "https://registry.npmjs.org/@dashkite/katana/-/katana-0.3.2.tgz",
      "integrity": "sha512-qDYGwfzwuC8xNsizEr65jGl5g6x9EC4xzAGO58FfBF0D9eKcUvOA7Tqy9/eP5s8q9eBnrZrnYgQ+is7P0dNklQ==",
      "requires": {
        "@pandastrike/garden": "^8.0.0-alpha.1"
      }
    },
    "@dashkite/mercury": {
      "version": "0.1.2",
      "resolved": "https://registry.npmjs.org/@dashkite/mercury/-/mercury-0.1.2.tgz",
      "integrity": "sha512-WCj1xTEatkjCcjCJxWAOciajFCyAb3mV57VBlb49hhwizSIbl+LxCEYNPe1lYkLaKqEmW6ehj3JW5QOUL7h85Q==",
      "requires": {
        "@dashkite/katana": "0.3.2",
        "@pandastrike/garden": "8.0.1",
        "url-template": "2.0.8"
      }
    },
    "@dashkite/mercury-sky": {
      "version": "0.0.6",
      "resolved": "https://registry.npmjs.org/@dashkite/mercury-sky/-/mercury-sky-0.0.6.tgz",
      "integrity": "sha512-vXj43gRRRJWgZNm5RFYIRluFKrV6SRt8s2iizs7R1DeEkKvuJLhzoenIZTfqNLP5irz88DPM+PRmdLxMcNQdnw==",
      "requires": {
        "@dashkite/katana": "0.3.2",
        "@dashkite/mercury": "0.1.2",
        "@pandastrike/garden": "8.0.1",
        "url-template": "2.0.8"
      }
    },
    "@dashkite/mercury-zinc": {
      "version": "0.1.3",
      "resolved": "https://registry.npmjs.org/@dashkite/mercury-zinc/-/mercury-zinc-0.1.3.tgz",
      "integrity": "sha512-++tVujNJ/bCYCdreFTAPKdy3+Ee+JisalWv0b8Bf3x3biyWcKSGMal/1VqqCy68sSviEJ0OofDORythKT4WxeA==",
      "requires": {
        "@dashkite/zinc": "0.1.3",
        "@pandastrike/garden": "8.0.1"
      }
    },
    "@dashkite/quark": {
      "version": "1.3.0-beta.4",
      "resolved": "https://registry.npmjs.org/@dashkite/quark/-/quark-1.3.0-beta.4.tgz",
      "integrity": "sha512-9LsXMFCR2rswqoLDnfCxf06+1JP9GiKltcJZF7z7vESasq+6SXq0x9Ms7cOxwTknjjJ3e4KmTVbNU7uPcQDORg==",
      "requires": {
        "@dashkite/katana": "^0.3.2",
        "@dashkite/stylist": "0.0.4",
        "@pandastrike/garden": "^8.0.1"
      },
      "dependencies": {
        "@dashkite/stylist": {
          "version": "0.0.4",
          "resolved": "https://registry.npmjs.org/@dashkite/stylist/-/stylist-0.0.4.tgz",
          "integrity": "sha512-1TJeaupQCo/fKgKZcLmIs/3Vwjw0mZTCSumwr9PMP+1ZaVdaSBbP8N77BXMBTLAV05TeerdiYPy7PhfpX6bcpA==",
          "requires": {
            "@pandastrike/garden": "^8.0.1",
            "panda-river": "^6.0.1"
          }
        }
      }
    },
    "@dashkite/stylist": {
      "version": "0.0.5",
      "resolved": "https://registry.npmjs.org/@dashkite/stylist/-/stylist-0.0.5.tgz",
      "integrity": "sha512-XKj5ofrlg2QMr+CWB7mIBMOIP8z6Z7KJbpM2+OAKBAzAFCdJu8IHhVFXPtA5xrvDfF/EjsuyQEu6dz8F8H3+0A==",
      "requires": {
        "@pandastrike/garden": "8.0.1",
        "panda-river": "6.0.3"
      }
    },
    "@dashkite/zinc": {
      "version": "0.1.3",
      "resolved": "https://registry.npmjs.org/@dashkite/zinc/-/zinc-0.1.3.tgz",
      "integrity": "sha512-/KrGZ4PWTgM3Gyoo0yTZkOfn9yjCtL7LgJxq6kr4n36KfZyUYmkfzv6MskPBziTzV9s5dWGTbE+EHcjEzn+aHw==",
      "requires": {
        "@dashkite/cobalt": "2.0.5",
        "@dashkite/events": "0.0.2",
        "@pandastrike/garden": "8.0.1",
        "idb": "5.0.3",
        "panda-confidential": "3.0.2"
      }
    },
    "@pandastrike/garden": {
      "version": "8.0.1",
      "resolved": "https://registry.npmjs.org/@pandastrike/garden/-/garden-8.0.1.tgz",
      "integrity": "sha512-+0/8I0RRQ/u5faSYM90qObFpFD6yLcpdYQhwFSUrlIooIQX3yBdDxaxSqUvHC/CStOO4aU/Q3x9hduen8050gQ=="
    },
    "@stablelib/base64": {
      "version": "0.7.2",
      "resolved": "https://registry.npmjs.org/@stablelib/base64/-/base64-0.7.2.tgz",
      "integrity": "sha1-+7uNYMJvUUzctbeRz5Eb+x20tLQ="
    },
    "@stablelib/utf8": {
      "version": "0.10.1",
      "resolved": "https://registry.npmjs.org/@stablelib/utf8/-/utf8-0.10.1.tgz",
      "integrity": "sha512-+uM1YZ4MhBC82vt99prF7DXNGqhYmJ9cQ3p5qNowMNkkzn9OWEkqBvguBW3ChAt7JvqZ3SD5HJOfc6YgnfMTHw=="
    },
    "@ungap/event-target": {
      "version": "0.1.0",
      "resolved": "https://registry.npmjs.org/@ungap/event-target/-/event-target-0.1.0.tgz",
      "integrity": "sha512-W2oyj0Fe1w/XhPZjkI3oUcDUAmu5P4qsdT2/2S8aMhtAWM/CE/jYWtji0pKNPDfxLI75fa5gWSEmnynKMNP/oA=="
    },
    "diffhtml": {
      "version": "1.0.0-beta.20",
      "resolved": "https://registry.npmjs.org/diffhtml/-/diffhtml-1.0.0-beta.20.tgz",
      "integrity": "sha512-xSSwGb2dkQsTc7Bl910iySH65PkzsCtowfVGMfrmc2fEwvYrhJUpIEIx+3mpZ1wMWVt+t/0ltVwrjQkMJotxLg=="
    },
    "idb": {
      "version": "5.0.3",
      "resolved": "https://registry.npmjs.org/idb/-/idb-5.0.3.tgz",
      "integrity": "sha512-ozfTR2owoslXWtfyQU2/tEUK1SXkCUb7gLq0wpvGWM8EZRwHr1rajEQGVsWT1bgfBiAenj/OXTn7h+PskWAwbA=="
    },
    "object-observer": {
      "version": "3.2.0",
      "resolved": "https://registry.npmjs.org/object-observer/-/object-observer-3.2.0.tgz",
      "integrity": "sha512-iY96P4Ln8SQxkXClKCBqxE5Fgfno0VweHU4gBq+v+2OVM8rN3m7K6gGN4ly3Nk4fCnkFeR4hJPQO8vjsc2ekKQ=="
    },
    "panda-confidential": {
      "version": "3.0.2",
      "resolved": "https://registry.npmjs.org/panda-confidential/-/panda-confidential-3.0.2.tgz",
      "integrity": "sha512-sanlnA4a2ebe9Ih4HDMR1DfAxaACL67A2xf6e4BIuH5rGyn8LapycPZ4BuxiIB3Asjv1HNf5cyM+GdjrKff+wA==",
      "requires": {
        "@pandastrike/garden": "^8.0.1",
        "@stablelib/base64": "^0.7.2",
        "@stablelib/utf8": "^0.10.1",
        "panda-generics": "^6.0.3",
        "panda-parchment": "^6.0.4",
        "tweetnacl": "^1.0.3"
      }
    },
    "panda-generics": {
      "version": "6.0.3",
      "resolved": "https://registry.npmjs.org/panda-generics/-/panda-generics-6.0.3.tgz",
      "integrity": "sha512-yAsB1x50IPXSOucY3FvO04ltUFgta6DfuvrQKK6JMBUT11pD6DCpn8CmaPmKaiATljFN1P6uPBf6XW7V1uB5Nw=="
    },
    "panda-parchment": {
      "version": "6.0.4",
      "resolved": "https://registry.npmjs.org/panda-parchment/-/panda-parchment-6.0.4.tgz",
      "integrity": "sha512-lNOeYAIwlXSjrOOy7DCy7fEW/O8bK9kTvNAxehGMS3TmkQyZ4f+qX8UYtzwOpZ6R23r+HVfZEC2yj2MjQ8kRFA==",
      "requires": {
        "@pandastrike/garden": "^8.0.1",
        "panda-generics": "^6.0.3"
      }
    },
    "panda-river": {
      "version": "6.0.3",
      "resolved": "https://registry.npmjs.org/panda-river/-/panda-river-6.0.3.tgz",
      "integrity": "sha512-w/C6G5RnTkIKupVzCTvQsu2Yeps0oYjRn49zjoePlMatzEWtlE+X2yznBD65tiIS5jNG1zcVp/27J/vYOfKkUg==",
      "requires": {
        "@pandastrike/garden": "^8.0.1",
        "panda-generics": "^6.0.3",
        "panda-parchment": "^6.0.4"
      }
    },
    "tweetnacl": {
      "version": "1.0.3",
      "resolved": "https://registry.npmjs.org/tweetnacl/-/tweetnacl-1.0.3.tgz",
      "integrity": "sha512-6rt+RN7aOi1nGMyC4Xa5DdYiukl2UWCbcJft7YhxReBGQD7OAM8Pbxw6YMo4r2diNEA8FEmu32YOn9rhaiE5yw=="
    },
    "url-template": {
      "version": "2.0.8"
    }
  }
}
