{
  "name": "@dashkite/breeze-client",
  "version": "0.1.0",
  "lockfileVersion": 1,
  "requires": true,
  "dependencies": {
    "@dashkite/carbon": {
      "version": "3.2.0",
      "resolved": "https://registry.npmjs.org/@dashkite/carbon/-/carbon-3.2.0.tgz",
      "integrity": "sha512-z9aOfliFyOL8hPMiWjLCJijuNWOcOoG57Iu2Ls+nXYeqvXQ1RdcM+IJPRY5Sn0ZyF8W5G2IUF49q3N7HcjrGYg==",
      "requires": {
        "@dashkite/katana": "^0.3.0",
        "@pandastrike/garden": "^8.0.0-alpha.1",
        "diffhtml": "^1.0.0-beta.17",
        "object-observer": "^3.0.0"
      }
    },
    "@dashkite/cobalt": {
      "version": "2.0.3",
      "resolved": "https://registry.npmjs.org/@dashkite/cobalt/-/cobalt-2.0.3.tgz",
      "integrity": "sha512-bnDROK0GF2FL2Jr4u/KvgKezhVS4cs+QhGTfD9XyuPckLBdXHRCrD6+GTZzddhLZ8tEcLOH3LKT4jh6Y59R8QQ==",
      "requires": {
        "ajv": "^6.12.2",
        "panda-generics": "^6.0.0",
        "panda-parchment": "^6.0.3",
        "url-template": "^2.0.8"
      }
    },
    "@dashkite/events": {
      "version": "0.0.1",
      "resolved": "https://registry.npmjs.org/@dashkite/events/-/events-0.0.1.tgz",
      "integrity": "sha512-iXwQdaQe8Kkjr6Tgd4CQ4fsnEuaY0Ei+LoIRZvGrNMwauoS2avd8Sy+IOpBeu3DOGUI8Lodg6GaIVvV+hvtCsQ==",
      "requires": {
        "@ungap/event-target": "^0.1.0"
      }
    },
    "@dashkite/katana": {
      "version": "0.3.1",
      "resolved": "https://registry.npmjs.org/@dashkite/katana/-/katana-0.3.1.tgz",
      "integrity": "sha512-GSsqxjCdVmeWhq5LGf0kUQxcCBOMYfRL/fDVRdcezkZV7zVPi3C37005DKX5RY/kBDIrQ9M7rUrjLWRvqFr1CQ==",
      "requires": {
        "@pandastrike/garden": "^8.0.0-alpha.1"
      }
    },
    "@dashkite/mercury": {
      "version": "0.0.20",
      "resolved": "https://registry.npmjs.org/@dashkite/mercury/-/mercury-0.0.20.tgz",
      "integrity": "sha512-EI7Em2pfYOpOjYjXDkYhexfDhtsd/5xGOID6mAmELLpxZ7hOW7755SJGNDyw/p8RB511ME+iDdJJ0ElMQ295Ww==",
      "requires": {
        "@dashkite/katana": "0.0.9",
        "panda-garden": "^5.0.0",
        "url-template": "^2.0.8"
      },
      "dependencies": {
        "@dashkite/katana": {
          "version": "0.0.9",
          "resolved": "https://registry.npmjs.org/@dashkite/katana/-/katana-0.0.9.tgz",
          "integrity": "sha512-Cu2nWJRD4eX457fImgegJpsMlNqyq5Lt4FpJum09dqkjSdamhv1o0nnwJM2ucLXXoE/5dqm8OFqGdv471xirHg==",
          "requires": {
            "@pandastrike/garden": "^6.0.1"
          }
        },
        "@pandastrike/garden": {
          "version": "6.0.1",
          "resolved": "https://registry.npmjs.org/@pandastrike/garden/-/garden-6.0.1.tgz",
          "integrity": "sha512-vYC21Kbxcirsu4A3ppyrDR9zhmpoSAWBKOB0xFA4NpXCyVnSHXg7YKfVZfm6+hLmdH9I71bSiDAjSyoQ9qMfEg=="
        }
      }
    },
    "@dashkite/mercury-sky": {
      "version": "0.0.4",
      "resolved": "https://registry.npmjs.org/@dashkite/mercury-sky/-/mercury-sky-0.0.4.tgz",
      "integrity": "sha512-IBpKYuB1blJAWrzdvf0GFM28WgHsbHByrJ6E6oCUHu8GdepGem8TNNmEnkoByoMPpBxdavAx3ztwQ54789F7fQ==",
      "requires": {
        "@dashkite/katana": "0.0.9",
        "@dashkite/mercury": "0.0.20",
        "panda-garden": "^5.0.0",
        "url-template": "^2.0.8"
      },
      "dependencies": {
        "@dashkite/katana": {
          "version": "0.0.9",
          "resolved": "https://registry.npmjs.org/@dashkite/katana/-/katana-0.0.9.tgz",
          "integrity": "sha512-Cu2nWJRD4eX457fImgegJpsMlNqyq5Lt4FpJum09dqkjSdamhv1o0nnwJM2ucLXXoE/5dqm8OFqGdv471xirHg==",
          "requires": {
            "@pandastrike/garden": "^6.0.1"
          }
        },
        "@pandastrike/garden": {
          "version": "6.0.1",
          "resolved": "https://registry.npmjs.org/@pandastrike/garden/-/garden-6.0.1.tgz",
          "integrity": "sha512-vYC21Kbxcirsu4A3ppyrDR9zhmpoSAWBKOB0xFA4NpXCyVnSHXg7YKfVZfm6+hLmdH9I71bSiDAjSyoQ9qMfEg=="
        }
      }
    },
    "@dashkite/mercury-zinc": {
      "version": "0.1.0",
      "resolved": "https://registry.npmjs.org/@dashkite/mercury-zinc/-/mercury-zinc-0.1.0.tgz",
      "integrity": "sha512-8kILSNJdiu41EUzPw7UhIyXoOu+eJE6pItx4tCAm5px6vkSrEjF/lR2i3maa3AtVLbULoMenSV8kQ3vpqdUFrw==",
      "requires": {
        "@dashkite/zinc": "^0.1.0",
        "panda-garden": "^5.0.0"
      }
    },
    "@dashkite/quark": {
      "version": "0.2.0",
      "resolved": "https://registry.npmjs.org/@dashkite/quark/-/quark-0.2.0.tgz",
      "integrity": "sha512-aYDO6cHIAHE0Y3scnPKeLr/5fpuTF8b2jZkjsHjT9xgTskA8MG4zrY/VX6IihvQLu4kqOpTPGdMVJICRyozcVw==",
      "requires": {
        "@dashkite/katana": "^0.3.1",
        "@pandastrike/garden": "^8.0.0-alpha.1"
      }
    },
    "@dashkite/zinc": {
      "version": "0.1.0",
      "resolved": "https://registry.npmjs.org/@dashkite/zinc/-/zinc-0.1.0.tgz",
      "integrity": "sha512-9vKMUy43AIWKM6KqfWXJjh+dY3qAIXa48jlZ/06uk3WbyZw7WVrcItYyqry3VrZtxtyy7Qmvu/Ezh/sQjIQ4Pg==",
      "requires": {
        "@dashkite/cobalt": "^2.0.3",
        "@dashkite/events": "0.0.1",
        "idb": "^5.0.3",
        "panda-confidential": "^3.0.0",
        "panda-garden": "^5.0.0"
      }
    },
    "@pandastrike/garden": {
      "version": "8.0.0-alpha.1",
      "resolved": "https://registry.npmjs.org/@pandastrike/garden/-/garden-8.0.0-alpha.1.tgz",
      "integrity": "sha512-Fg6J1Q0t5kx1QM6+5cm6ZpH8V0wpBGrkKLOVBP4YrtoKDhUR4gmmFcMqep8B/+bdxf5+AHlTgSDTzngGVgfTOg=="
    },
    "@stablelib/base64": {
      "version": "0.7.2",
      "resolved": "https://registry.npmjs.org/@stablelib/base64/-/base64-0.7.2.tgz",
      "integrity": "sha1-+7uNYMJvUUzctbeRz5Eb+x20tLQ="
    },
    "@stablelib/utf8": {
      "version": "0.10.1",
      "resolved": "https://registry.npmjs.org/@stablelib/utf8/-/utf8-0.10.1.tgz",
      "integrity": "sha512-+uM1YZ4MhBC82vt99prF7DXNGqhYmJ9cQ3p5qNowMNkkzn9OWEkqBvguBW3ChAt7JvqZ3SD5HJOfc6YgnfMTHw=="
    },
    "@ungap/event-target": {
      "version": "0.1.0",
      "resolved": "https://registry.npmjs.org/@ungap/event-target/-/event-target-0.1.0.tgz",
      "integrity": "sha512-W2oyj0Fe1w/XhPZjkI3oUcDUAmu5P4qsdT2/2S8aMhtAWM/CE/jYWtji0pKNPDfxLI75fa5gWSEmnynKMNP/oA=="
    },
    "ajv": {
      "version": "6.12.3",
      "resolved": "https://registry.npmjs.org/ajv/-/ajv-6.12.3.tgz",
      "integrity": "sha512-4K0cK3L1hsqk9xIb2z9vs/XU+PGJZ9PNpJRDS9YLzmNdX6jmVPfamLvTJr0aDAusnHyCHO6MjzlkAsgtqp9teA==",
      "requires": {
        "fast-deep-equal": "^3.1.1",
        "fast-json-stable-stringify": "^2.0.0",
        "json-schema-traverse": "^0.4.1",
        "uri-js": "^4.2.2"
      }
    },
    "diffhtml": {
      "version": "1.0.0-beta.17",
      "resolved": "https://registry.npmjs.org/diffhtml/-/diffhtml-1.0.0-beta.17.tgz",
      "integrity": "sha512-EO20C+xFUg0z0zXOhecaFzJk/B51WkBCx/Vs2QNEO5SOCRrH6cEUKJUWWUbvOYZZztEGrAVahmfOfvppPFMpug=="
    },
    "fast-deep-equal": {
      "version": "3.1.3",
      "resolved": "https://registry.npmjs.org/fast-deep-equal/-/fast-deep-equal-3.1.3.tgz",
      "integrity": "sha512-f3qQ9oQy9j2AhBe/H9VC91wLmKBCCU/gDOnKNAYG5hswO7BLKj09Hc5HYNz9cGI++xlpDCIgDaitVs03ATR84Q=="
    },
    "fast-json-stable-stringify": {
      "version": "2.1.0",
      "resolved": "https://registry.npmjs.org/fast-json-stable-stringify/-/fast-json-stable-stringify-2.1.0.tgz",
      "integrity": "sha512-lhd/wF+Lk98HZoTCtlVraHtfh5XYijIjalXck7saUtuanSDyLMxnHhSXEDJqHxD7msR8D0uCmqlkwjCV8xvwHw=="
    },
    "idb": {
      "version": "5.0.4",
      "resolved": "https://registry.npmjs.org/idb/-/idb-5.0.4.tgz",
      "integrity": "sha512-g+CRa0NLB5R+VTd8UQK/J8eEPlZk82iwekJQOYA0bFJsc7TGDKyBywNmLBUdHPUyyazV1wN8DdHhSKzEX9Z9kQ=="
    },
    "json-schema-traverse": {
      "version": "0.4.1",
      "resolved": "https://registry.npmjs.org/json-schema-traverse/-/json-schema-traverse-0.4.1.tgz",
      "integrity": "sha512-xbbCH5dCYU5T8LcEhhuh7HJ88HXuW3qsI3Y0zOZFKfZEHcpWiHU/Jxzk629Brsab/mMiHQti9wMP+845RPe3Vg=="
    },
    "object-observer": {
      "version": "3.0.3",
      "resolved": "https://registry.npmjs.org/object-observer/-/object-observer-3.0.3.tgz",
      "integrity": "sha512-fbHiJD2vfK6wFtR3r3RbU97KmUg6hRpMFS3c8/ADbj7J+/HP8TytiOke9C5xNvWy/UWYjH8G32G6tx6dvelmQA=="
    },
    "panda-confidential": {
      "version": "3.0.0",
      "resolved": "https://registry.npmjs.org/panda-confidential/-/panda-confidential-3.0.0.tgz",
      "integrity": "sha512-naKu/5CfU/s9hgnpaPtzll8OhblrCqw3SFP63M/3bLGwgdWAyjEeLuAY434Sc2kJji5bhdrPU1S33Sq+lb4icg==",
      "requires": {
        "@stablelib/base64": "^0.7.2",
        "@stablelib/utf8": "^0.10.1",
        "panda-garden": "^4.0.0",
        "panda-generics": "^6.0.0",
        "panda-parchment": "^5.0.0",
        "tweetnacl": "^1.0.1"
      },
      "dependencies": {
        "panda-garden": {
          "version": "4.0.3",
          "resolved": "https://registry.npmjs.org/panda-garden/-/panda-garden-4.0.3.tgz",
          "integrity": "sha512-MjK3cpW/mAkljP2mAf/jmB3Lq7cOK5uwQA9CIgrmyVYRs6wZu2q4tWqS+pvL8/OZDLYs8OzIEZQAW8TvJExE0Q=="
        },
        "panda-parchment": {
          "version": "5.0.2",
          "resolved": "https://registry.npmjs.org/panda-parchment/-/panda-parchment-5.0.2.tgz",
          "integrity": "sha512-4iQaNU4YneM7lF8gL7eDpGS7KACevgR5nF/mRGq0A1AMEfRqwZLM7HcYoJdEfR+gPlcEpRRkwMGEIOcWTRaUKw==",
          "requires": {
            "panda-garden": "^4.0.1",
            "panda-generics": "^6.0.0"
          }
        }
      }
    },
    "panda-garden": {
      "version": "5.0.0",
      "resolved": "https://registry.npmjs.org/panda-garden/-/panda-garden-5.0.0.tgz",
      "integrity": "sha512-qA0DPiCa+kyEdednASMv9gDBXsE8El/2Pl5+0Kfbrp5Bv3oa4GNxAIKLkODT61NGEPwa6/LKfIVeZSR4uns3LQ=="
    },
    "panda-generics": {
      "version": "6.0.2",
      "resolved": "https://registry.npmjs.org/panda-generics/-/panda-generics-6.0.2.tgz",
      "integrity": "sha512-18TRT10sKQlNG0YU+Vm6QBx2rjVV7vtRvnBZNy1bMwTOh6SRMMzyf+FLzhRmjQV3upkdJHiIDT4kqySKOVtsrg=="
    },
    "panda-parchment": {
      "version": "6.0.3",
      "resolved": "https://registry.npmjs.org/panda-parchment/-/panda-parchment-6.0.3.tgz",
      "integrity": "sha512-JwskQm9c3ecymiur95J3wFsnlvpQTc7l/nnwqhFifXtGicOrSNtBJ0wljmLFWHKtN7qizwpjfwqUc+3J7YBtIA==",
      "requires": {
        "panda-garden": "^5.0.0",
        "panda-generics": "^6.0.2"
      }
    },
    "punycode": {
      "version": "2.1.1",
      "resolved": "https://registry.npmjs.org/punycode/-/punycode-2.1.1.tgz",
      "integrity": "sha512-XRsRjdf+j5ml+y/6GKHPZbrF/8p2Yga0JPtdqTIY2Xe5ohJPD9saDJJLPvp9+NSBprVvevdXZybnj2cv8OEd0A=="
    },
    "tweetnacl": {
      "version": "1.0.3",
      "resolved": "https://registry.npmjs.org/tweetnacl/-/tweetnacl-1.0.3.tgz",
      "integrity": "sha512-6rt+RN7aOi1nGMyC4Xa5DdYiukl2UWCbcJft7YhxReBGQD7OAM8Pbxw6YMo4r2diNEA8FEmu32YOn9rhaiE5yw=="
    },
    "uri-js": {
      "version": "4.2.2",
      "resolved": "https://registry.npmjs.org/uri-js/-/uri-js-4.2.2.tgz",
      "integrity": "sha512-KY9Frmirql91X2Qgjry0Wd4Y+YTdrdZheS8TFwvkbLWf/G5KNJDCh6pKL5OZctEW4+0Baa5idK2ZQuELRwPznQ==",
      "requires": {
        "punycode": "^2.1.0"
      }
    },
    "url-template": {
      "version": "2.0.8",
      "resolved": "https://registry.npmjs.org/url-template/-/url-template-2.0.8.tgz",
      "integrity": "sha1-/FZaPMy/93MMd19WQflVV5FDnyE="
    }
  }
}
